
Microsoft Visual Studio Solution File, Format Version 12.00
# Visual Studio Version 17
VisualStudioVersion = 17.0.32014.148
MinimumVisualStudioVersion = 10.0.40219.1
Project("{FAE04EC0-301F-11D3-BF4B-00C04F79EFBC}") = "MO_Al", "MO_Al\MO_Al.csproj", "{5CC5A095-9A7C-4E28-9F2C-165E5692561B}"
EndProject
Global
	GlobalSection(SolutionConfigurationPlatforms) = preSolution
		Debug|Any CPU = Debug|Any CPU
		Release|Any CPU = Release|Any CPU
	EndGlobalSection
	GlobalSection(ProjectConfigurationPlatforms) = postSolution
		{5CC5A095-9A7C-4E28-9F2C-165E5692561B}.Debug|Any CPU.ActiveCfg = Debug|Any CPU
		{5CC5A095-9A7C-4E28-9F2C-165E5692561B}.Debug|Any CPU.Build.0 = Debug|Any CPU
		{5CC5A095-9A7C-4E28-9F2C-165E5692561B}.Release|Any CPU.ActiveCfg = Release|Any CPU
		{5CC5A095-9A7C-4E28-9F2C-165E5692561B}.Release|Any CPU.Build.0 = Release|Any CPU
	EndGlobalSection
	GlobalSection(SolutionProperties) = preSolution
		HideSolutionNode = FALSE
	EndGlobalSection
	GlobalSection(ExtensibilityGlobals) = postSolution
		SolutionGuid = {3772F36B-88C2-4320-B900-07B495C7D913}
	EndGlobalSection
EndGlobal
